
Microsoft Visual Studio Solution File, Format Version 12.00
# Visual Studio Version 17
VisualStudioVersion = 17.5.002.0
MinimumVisualStudioVersion = 10.0.40219.1
Project("{2150E333-8FDC-42A3-9474-1A3956D46DE8}") = "prepare", "prepare", "{4A1AFDF1-FCC0-4120-B069-2CD5248EA166}"
EndProject
Project("{9A19103F-16F7-4668-BE54-9A1E7A4F7556}") = "Learning02", "prepare\Learning02\Learning02.csproj", "{85E7493C-CD24-4088-8F44-630CF85FBE39}"
EndProject
Project("{9A19103F-16F7-4668-BE54-9A1E7A4F7556}") = "Learning05", "prepare\Learning05\Learning05.csproj", "{E1565B00-C79B-4BCA-BD54-2CF00F762019}"
EndProject
Project("{9A19103F-16F7-4668-BE54-9A1E7A4F7556}") = "Learning04", "prepare\Learning04\Learning04.csproj", "{8B1BDAD3-830E-478D-950E-4EFFA66D88C2}"
EndProject
Project("{9A19103F-16F7-4668-BE54-9A1E7A4F7556}") = "Learning03", "prepare\Learning03\Learning03.csproj", "{13A8CDE0-1242-431A-B200-DD057658D688}"
EndProject
Project("{2150E333-8FDC-42A3-9474-1A3956D46DE8}") = "prove", "prove", "{38D8CC67-557C-4BB5-B9A7-4ACD8A897796}"
EndProject
Project("{9A19103F-16F7-4668-BE54-9A1E7A4F7556}") = "Develop03", "prove\Develop03\Develop03.csproj", "{95E4F1EE-4E76-4E3C-846F-81448FADFCE0}"
EndProject
Project("{9A19103F-16F7-4668-BE54-9A1E7A4F7556}") = "Develop04", "prove\Develop04\Develop04.csproj", "{FE2A90B8-D692-44F8-B82A-AAB1C53AE788}"
EndProject
Project("{9A19103F-16F7-4668-BE54-9A1E7A4F7556}") = "Develop05", "prove\Develop05\Develop05.csproj", "{30830C36-8331-4A0C-9257-9D223B54BC1C}"
EndProject
Project("{9A19103F-16F7-4668-BE54-9A1E7A4F7556}") = "Develop02", "prove\Develop02\Develop02.csproj", "{123137F0-7753-444A-ADFB-F38A997E7889}"
EndProject
Project("{2150E333-8FDC-42A3-9474-1A3956D46DE8}") = "sandbox", "sandbox", "{6C528862-ABFE-4292-BDF0-D7A49B6DA7F6}"
EndProject
Project("{9A19103F-16F7-4668-BE54-9A1E7A4F7556}") = "Sandbox", "sandbox\Sandbox\Sandbox.csproj", "{05673487-2458-4211-BD6C-AC9A949AC209}"
EndProject
Project("{2150E333-8FDC-42A3-9474-1A3956D46DE8}") = "final", "final", "{0877238C-1BFE-4249-AE86-14481C17096F}"
EndProject
Project("{9A19103F-16F7-4668-BE54-9A1E7A4F7556}") = "FinalProject", "final\FinalProject\FinalProject.csproj", "{638CBA27-60A1-4690-AD45-E449A1BA48D5}"
EndProject
Project("{9A19103F-16F7-4668-BE54-9A1E7A4F7556}") = "Foundation1", "final\Foundation1\Foundation1.csproj", "{D3F7C707-EB21-421B-BEB5-984446D2D100}"
EndProject
Project("{9A19103F-16F7-4668-BE54-9A1E7A4F7556}") = "Foundation4", "final\Foundation4\Foundation4.csproj", "{8CDF0141-CE1F-4911-BABA-529D675ACE9D}"
EndProject
Project("{9A19103F-16F7-4668-BE54-9A1E7A4F7556}") = "Foundation3", "final\Foundation3\Foundation3.csproj", "{7A8FD887-03B6-4500-8FC8-5BC906ABD1D5}"
EndProject
Project("{9A19103F-16F7-4668-BE54-9A1E7A4F7556}") = "Foundation2", "final\Foundation2\Foundation2.csproj", "{B66E10E0-E37B-4865-A864-F955CB1FABE5}"
EndProject
Project("{2150E333-8FDC-42A3-9474-1A3956D46DE8}") = "csharp-prep", "csharp-prep", "{D508EE34-F603-48A8-AD6F-0A8AA36DB7A1}"
EndProject
Project("{9A19103F-16F7-4668-BE54-9A1E7A4F7556}") = "Prep1", "csharp-prep\Prep1\Prep1.csproj", "{A609B37D-B406-4023-8A5D-F31EA93DACBC}"
EndProject
Project("{9A19103F-16F7-4668-BE54-9A1E7A4F7556}") = "Prep5", "csharp-prep\Prep5\Prep5.csproj", "{43795A32-0203-4F91-8AFB-7536C8C83A5C}"
EndProject
Project("{9A19103F-16F7-4668-BE54-9A1E7A4F7556}") = "Prep2", "csharp-prep\Prep2\Prep2.csproj", "{5B3C446F-3B68-4C5A-8808-9CA5AC354E72}"
EndProject
Project("{9A19103F-16F7-4668-BE54-9A1E7A4F7556}") = "Prep3", "csharp-prep\Prep3\Prep3.csproj", "{37A0439F-F437-4845-A40D-7CC995C71D4D}"
EndProject
Project("{9A19103F-16F7-4668-BE54-9A1E7A4F7556}") = "Prep4", "csharp-prep\Prep4\Prep4.csproj", "{E860199A-38FA-430B-88BF-69ADAEB9F313}"
EndProject
Global
	GlobalSection(SolutionConfigurationPlatforms) = preSolution
		Debug|Any CPU = Debug|Any CPU
		Release|Any CPU = Release|Any CPU
	EndGlobalSection
	GlobalSection(ProjectConfigurationPlatforms) = postSolution
		{85E7493C-CD24-4088-8F44-630CF85FBE39}.Debug|Any CPU.ActiveCfg = Debug|Any CPU
		{85E7493C-CD24-4088-8F44-630CF85FBE39}.Debug|Any CPU.Build.0 = Debug|Any CPU
		{85E7493C-CD24-4088-8F44-630CF85FBE39}.Release|Any CPU.ActiveCfg = Release|Any CPU
		{85E7493C-CD24-4088-8F44-630CF85FBE39}.Release|Any CPU.Build.0 = Release|Any CPU
		{E1565B00-C79B-4BCA-BD54-2CF00F762019}.Debug|Any CPU.ActiveCfg = Debug|Any CPU
		{E1565B00-C79B-4BCA-BD54-2CF00F762019}.Debug|Any CPU.Build.0 = Debug|Any CPU
		{E1565B00-C79B-4BCA-BD54-2CF00F762019}.Release|Any CPU.ActiveCfg = Release|Any CPU
		{E1565B00-C79B-4BCA-BD54-2CF00F762019}.Release|Any CPU.Build.0 = Release|Any CPU
		{8B1BDAD3-830E-478D-950E-4EFFA66D88C2}.Debug|Any CPU.ActiveCfg = Debug|Any CPU
		{8B1BDAD3-830E-478D-950E-4EFFA66D88C2}.Debug|Any CPU.Build.0 = Debug|Any CPU
		{8B1BDAD3-830E-478D-950E-4EFFA66D88C2}.Release|Any CPU.ActiveCfg = Release|Any CPU
		{8B1BDAD3-830E-478D-950E-4EFFA66D88C2}.Release|Any CPU.Build.0 = Release|Any CPU
		{13A8CDE0-1242-431A-B200-DD057658D688}.Debug|Any CPU.ActiveCfg = Debug|Any CPU
		{13A8CDE0-1242-431A-B200-DD057658D688}.Debug|Any CPU.Build.0 = Debug|Any CPU
		{13A8CDE0-1242-431A-B200-DD057658D688}.Release|Any CPU.ActiveCfg = Release|Any CPU
		{13A8CDE0-1242-431A-B200-DD057658D688}.Release|Any CPU.Build.0 = Release|Any CPU
		{95E4F1EE-4E76-4E3C-846F-81448FADFCE0}.Debug|Any CPU.ActiveCfg = Debug|Any CPU
		{95E4F1EE-4E76-4E3C-846F-81448FADFCE0}.Debug|Any CPU.Build.0 = Debug|Any CPU
		{95E4F1EE-4E76-4E3C-846F-81448FADFCE0}.Release|Any CPU.ActiveCfg = Release|Any CPU
		{95E4F1EE-4E76-4E3C-846F-81448FADFCE0}.Release|Any CPU.Build.0 = Release|Any CPU
		{FE2A90B8-D692-44F8-B82A-AAB1C53AE788}.Debug|Any CPU.ActiveCfg = Debug|Any CPU
		{FE2A90B8-D692-44F8-B82A-AAB1C53AE788}.Debug|Any CPU.Build.0 = Debug|Any CPU
		{FE2A90B8-D692-44F8-B82A-AAB1C53AE788}.Release|Any CPU.ActiveCfg = Release|Any CPU
		{FE2A90B8-D692-44F8-B82A-AAB1C53AE788}.Release|Any CPU.Build.0 = Release|Any CPU
		{30830C36-8331-4A0C-9257-9D223B54BC1C}.Debug|Any CPU.ActiveCfg = Debug|Any CPU
		{30830C36-8331-4A0C-9257-9D223B54BC1C}.Debug|Any CPU.Build.0 = Debug|Any CPU
		{30830C36-8331-4A0C-9257-9D223B54BC1C}.Release|Any CPU.ActiveCfg = Release|Any CPU
		{30830C36-8331-4A0C-9257-9D223B54BC1C}.Release|Any CPU.Build.0 = Release|Any CPU
		{123137F0-7753-444A-ADFB-F38A997E7889}.Debug|Any CPU.ActiveCfg = Debug|Any CPU
		{123137F0-7753-444A-ADFB-F38A997E7889}.Debug|Any CPU.Build.0 = Debug|Any CPU
		{123137F0-7753-444A-ADFB-F38A997E7889}.Release|Any CPU.ActiveCfg = Release|Any CPU
		{123137F0-7753-444A-ADFB-F38A997E7889}.Release|Any CPU.Build.0 = Release|Any CPU
		{05673487-2458-4211-BD6C-AC9A949AC209}.Debug|Any CPU.ActiveCfg = Debug|Any CPU
		{05673487-2458-4211-BD6C-AC9A949AC209}.Debug|Any CPU.Build.0 = Debug|Any CPU
		{05673487-2458-4211-BD6C-AC9A949AC209}.Release|Any CPU.ActiveCfg = Release|Any CPU
		{05673487-2458-4211-BD6C-AC9A949AC209}.Release|Any CPU.Build.0 = Release|Any CPU
		{638CBA27-60A1-4690-AD45-E449A1BA48D5}.Debug|Any CPU.ActiveCfg = Debug|Any CPU
		{638CBA27-60A1-4690-AD45-E449A1BA48D5}.Debug|Any CPU.Build.0 = Debug|Any CPU
		{638CBA27-60A1-4690-AD45-E449A1BA48D5}.Release|Any CPU.ActiveCfg = Release|Any CPU
		{638CBA27-60A1-4690-AD45-E449A1BA48D5}.Release|Any CPU.Build.0 = Release|Any CPU
		{D3F7C707-EB21-421B-BEB5-984446D2D100}.Debug|Any CPU.ActiveCfg = Debug|Any CPU
		{D3F7C707-EB21-421B-BEB5-984446D2D100}.Debug|Any CPU.Build.0 = Debug|Any CPU
		{D3F7C707-EB21-421B-BEB5-984446D2D100}.Release|Any CPU.ActiveCfg = Release|Any CPU
		{D3F7C707-EB21-421B-BEB5-984446D2D100}.Release|Any CPU.Build.0 = Release|Any CPU
		{8CDF0141-CE1F-4911-BABA-529D675ACE9D}.Debug|Any CPU.ActiveCfg = Debug|Any CPU
		{8CDF0141-CE1F-4911-BABA-529D675ACE9D}.Debug|Any CPU.Build.0 = Debug|Any CPU
		{8CDF0141-CE1F-4911-BABA-529D675ACE9D}.Release|Any CPU.ActiveCfg = Release|Any CPU
		{8CDF0141-CE1F-4911-BABA-529D675ACE9D}.Release|Any CPU.Build.0 = Release|Any CPU
		{7A8FD887-03B6-4500-8FC8-5BC906ABD1D5}.Debug|Any CPU.ActiveCfg = Debug|Any CPU
		{7A8FD887-03B6-4500-8FC8-5BC906ABD1D5}.Debug|Any CPU.Build.0 = Debug|Any CPU
		{7A8FD887-03B6-4500-8FC8-5BC906ABD1D5}.Release|Any CPU.ActiveCfg = Release|Any CPU
		{7A8FD887-03B6-4500-8FC8-5BC906ABD1D5}.Release|Any CPU.Build.0 = Release|Any CPU
		{B66E10E0-E37B-4865-A864-F955CB1FABE5}.Debug|Any CPU.ActiveCfg = Debug|Any CPU
		{B66E10E0-E37B-4865-A864-F955CB1FABE5}.Debug|Any CPU.Build.0 = Debug|Any CPU
		{B66E10E0-E37B-4865-A864-F955CB1FABE5}.Release|Any CPU.ActiveCfg = Release|Any CPU
		{B66E10E0-E37B-4865-A864-F955CB1FABE5}.Release|Any CPU.Build.0 = Release|Any CPU
		{A609B37D-B406-4023-8A5D-F31EA93DACBC}.Debug|Any CPU.ActiveCfg = Debug|Any CPU
		{A609B37D-B406-4023-8A5D-F31EA93DACBC}.Debug|Any CPU.Build.0 = Debug|Any CPU
		{A609B37D-B406-4023-8A5D-F31EA93DACBC}.Release|Any CPU.ActiveCfg = Release|Any CPU
		{A609B37D-B406-4023-8A5D-F31EA93DACBC}.Release|Any CPU.Build.0 = Release|Any CPU
		{43795A32-0203-4F91-8AFB-7536C8C83A5C}.Debug|Any CPU.ActiveCfg = Debug|Any CPU
		{43795A32-0203-4F91-8AFB-7536C8C83A5C}.Debug|Any CPU.Build.0 = Debug|Any CPU
		{43795A32-0203-4F91-8AFB-7536C8C83A5C}.Release|Any CPU.ActiveCfg = Release|Any CPU
		{43795A32-0203-4F91-8AFB-7536C8C83A5C}.Release|Any CPU.Build.0 = Release|Any CPU
		{5B3C446F-3B68-4C5A-8808-9CA5AC354E72}.Debug|Any CPU.ActiveCfg = Debug|Any CPU
		{5B3C446F-3B68-4C5A-8808-9CA5AC354E72}.Debug|Any CPU.Build.0 = Debug|Any CPU
		{5B3C446F-3B68-4C5A-8808-9CA5AC354E72}.Release|Any CPU.ActiveCfg = Release|Any CPU
		{5B3C446F-3B68-4C5A-8808-9CA5AC354E72}.Release|Any CPU.Build.0 = Release|Any CPU
		{37A0439F-F437-4845-A40D-7CC995C71D4D}.Debug|Any CPU.ActiveCfg = Debug|Any CPU
		{37A0439F-F437-4845-A40D-7CC995C71D4D}.Debug|Any CPU.Build.0 = Debug|Any CPU
		{37A0439F-F437-4845-A40D-7CC995C71D4D}.Release|Any CPU.ActiveCfg = Release|Any CPU
		{37A0439F-F437-4845-A40D-7CC995C71D4D}.Release|Any CPU.Build.0 = Release|Any CPU
		{E860199A-38FA-430B-88BF-69ADAEB9F313}.Debug|Any CPU.ActiveCfg = Debug|Any CPU
		{E860199A-38FA-430B-88BF-69ADAEB9F313}.Debug|Any CPU.Build.0 = Debug|Any CPU
		{E860199A-38FA-430B-88BF-69ADAEB9F313}.Release|Any CPU.ActiveCfg = Release|Any CPU
		{E860199A-38FA-430B-88BF-69ADAEB9F313}.Release|Any CPU.Build.0 = Release|Any CPU
	EndGlobalSection
	GlobalSection(SolutionProperties) = preSolution
		HideSolutionNode = FALSE
	EndGlobalSection
	GlobalSection(NestedProjects) = preSolution
		{85E7493C-CD24-4088-8F44-630CF85FBE39} = {4A1AFDF1-FCC0-4120-B069-2CD5248EA166}
		{E1565B00-C79B-4BCA-BD54-2CF00F762019} = {4A1AFDF1-FCC0-4120-B069-2CD5248EA166}
		{8B1BDAD3-830E-478D-950E-4EFFA66D88C2} = {4A1AFDF1-FCC0-4120-B069-2CD5248EA166}
		{13A8CDE0-1242-431A-B200-DD057658D688} = {4A1AFDF1-FCC0-4120-B069-2CD5248EA166}
		{95E4F1EE-4E76-4E3C-846F-81448FADFCE0} = {38D8CC67-557C-4BB5-B9A7-4ACD8A897796}
		{FE2A90B8-D692-44F8-B82A-AAB1C53AE788} = {38D8CC67-557C-4BB5-B9A7-4ACD8A897796}
		{30830C36-8331-4A0C-9257-9D223B54BC1C} = {38D8CC67-557C-4BB5-B9A7-4ACD8A897796}
		{123137F0-7753-444A-ADFB-F38A997E7889} = {38D8CC67-557C-4BB5-B9A7-4ACD8A897796}
		{05673487-2458-4211-BD6C-AC9A949AC209} = {6C528862-ABFE-4292-BDF0-D7A49B6DA7F6}
		{638CBA27-60A1-4690-AD45-E449A1BA48D5} = {0877238C-1BFE-4249-AE86-14481C17096F}
		{D3F7C707-EB21-421B-BEB5-984446D2D100} = {0877238C-1BFE-4249-AE86-14481C17096F}
		{8CDF0141-CE1F-4911-BABA-529D675ACE9D} = {0877238C-1BFE-4249-AE86-14481C17096F}
		{7A8FD887-03B6-4500-8FC8-5BC906ABD1D5} = {0877238C-1BFE-4249-AE86-14481C17096F}
		{B66E10E0-E37B-4865-A864-F955CB1FABE5} = {0877238C-1BFE-4249-AE86-14481C17096F}
		{A609B37D-B406-4023-8A5D-F31EA93DACBC} = {D508EE34-F603-48A8-AD6F-0A8AA36DB7A1}
		{43795A32-0203-4F91-8AFB-7536C8C83A5C} = {D508EE34-F603-48A8-AD6F-0A8AA36DB7A1}
		{5B3C446F-3B68-4C5A-8808-9CA5AC354E72} = {D508EE34-F603-48A8-AD6F-0A8AA36DB7A1}
		{37A0439F-F437-4845-A40D-7CC995C71D4D} = {D508EE34-F603-48A8-AD6F-0A8AA36DB7A1}
		{E860199A-38FA-430B-88BF-69ADAEB9F313} = {D508EE34-F603-48A8-AD6F-0A8AA36DB7A1}
	EndGlobalSection
	GlobalSection(ExtensibilityGlobals) = postSolution
		SolutionGuid = {A1F80F7C-4B37-4B80-897B-A65861A9E4FE}
	EndGlobalSection
EndGlobal
